
Microsoft Visual Studio Solution File, Format Version 12.00
# Visual Studio Version 17
VisualStudioVersion = 17.7.34202.233
MinimumVisualStudioVersion = 10.0.40219.1
Project("{FAE04EC0-301F-11D3-BF4B-00C04F79EFBC}") = "laço de repetiçao", "laço de repetiçao.csproj", "{958DCE43-2463-4071-97EF-C97DD36C9092}"
EndProject
Global
	GlobalSection(SolutionConfigurationPlatforms) = preSolution
		Debug|Any CPU = Debug|Any CPU
		Release|Any CPU = Release|Any CPU
	EndGlobalSection
	GlobalSection(ProjectConfigurationPlatforms) = postSolution
		{958DCE43-2463-4071-97EF-C97DD36C9092}.Debug|Any CPU.ActiveCfg = Debug|Any CPU
		{958DCE43-2463-4071-97EF-C97DD36C9092}.Debug|Any CPU.Build.0 = Debug|Any CPU
		{958DCE43-2463-4071-97EF-C97DD36C9092}.Release|Any CPU.ActiveCfg = Release|Any CPU
		{958DCE43-2463-4071-97EF-C97DD36C9092}.Release|Any CPU.Build.0 = Release|Any CPU
	EndGlobalSection
	GlobalSection(SolutionProperties) = preSolution
		HideSolutionNode = FALSE
	EndGlobalSection
	GlobalSection(ExtensibilityGlobals) = postSolution
		SolutionGuid = {FFD97381-AEB5-4B20-8EDB-0B08AC23F540}
	EndGlobalSection
EndGlobal
